PODS:
  - Flutter (1.0.0)
  - ObjectBox (1.8.1)
  - objectbox_flutter_libs (0.0.1):
    - Flutter
    - ObjectBox (= 1.8.1)
  - path_provider_foundation (0.0.1):
    - Flutter
    - FlutterMacOS
  - shared_preferences_foundation (0.0.1):
    - Flutter
    - FlutterMacOS

DEPENDENCIES:
  - Flutter (from `Flutter`)
  - objectbox_flutter_libs (from `.symlinks/plugins/objectbox_flutter_libs/ios`)
  - path_provider_foundation (from `.symlinks/plugins/path_provider_foundation/darwin`)
  - shared_preferences_foundation (from `.symlinks/plugins/shared_preferences_foundation/darwin`)

SPEC REPOS:
  trunk:
    - ObjectBox

EXTERNAL SOURCES:
  Flutter:
    :path: Flutter
  objectbox_flutter_libs:
    :path: ".symlinks/plugins/objectbox_flutter_libs/ios"
  path_provider_foundation:
    :path: ".symlinks/plugins/path_provider_foundation/darwin"
  shared_preferences_foundation:
    :path: ".symlinks/plugins/shared_preferences_foundation/darwin"

SPEC CHECKSUMS:
  Flutter: f04841e97a9d0b0a8025694d0796dd46242b2854
  ObjectBox: a7900d5335218cd437cbc080b7ccc38a5211f7b4
  objectbox_flutter_libs: 61d74196d924fbc773da5f5757d1e9fab7b3cc78
  path_provider_foundation: c68054786f1b4f3343858c1e1d0caaded73f0be9
  shared_preferences_foundation: e2dae3258e06f44cc55f49d42024fd8dd03c590c

PODFILE CHECKSUM: a73d9a200c9362ecf45c8e30ef7e1b0ffb0f24ed

COCOAPODS: 1.12.1
